
Microsoft Visual Studio Solution File, Format Version 12.00
# Visual Studio Version 16
VisualStudioVersion = 16.0.31729.503
MinimumVisualStudioVersion = 10.0.40219.1
Project("{FAE04EC0-301F-11D3-BF4B-00C04F79EFBC}") = "puzzle", "puzzle\puzzle.csproj", "{C2A30EB4-DA6B-48AB-B5B4-04C2C304BDD3}"
EndProject
Global
	GlobalSection(SolutionConfigurationPlatforms) = preSolution
		Debug|Any CPU = Debug|Any CPU
		Release|Any CPU = Release|Any CPU
	EndGlobalSection
	GlobalSection(ProjectConfigurationPlatforms) = postSolution
		{C2A30EB4-DA6B-48AB-B5B4-04C2C304BDD3}.Debug|Any CPU.ActiveCfg = Debug|Any CPU
		{C2A30EB4-DA6B-48AB-B5B4-04C2C304BDD3}.Debug|Any CPU.Build.0 = Debug|Any CPU
		{C2A30EB4-DA6B-48AB-B5B4-04C2C304BDD3}.Release|Any CPU.ActiveCfg = Release|Any CPU
		{C2A30EB4-DA6B-48AB-B5B4-04C2C304BDD3}.Release|Any CPU.Build.0 = Release|Any CPU
	EndGlobalSection
	GlobalSection(SolutionProperties) = preSolution
		HideSolutionNode = FALSE
	EndGlobalSection
	GlobalSection(ExtensibilityGlobals) = postSolution
		SolutionGuid = {64A23B92-B9B0-4A12-8CCE-114A87BBC0F8}
	EndGlobalSection
EndGlobal
